
Microsoft Visual Studio Solution File, Format Version 12.00
# Visual Studio Version 16
VisualStudioVersion = 16.0.30804.86
MinimumVisualStudioVersion = 10.0.40219.1
Project("{9A19103F-16F7-4668-BE54-9A1E7A4F7556}") = "App", "App\App.csproj", "{8DE30974-F37D-479B-917A-0FE6B1EBFEDA}"
EndProject
Project("{9A19103F-16F7-4668-BE54-9A1E7A4F7556}") = "App.XUnitTest", "App.XUnitTest\App.XUnitTest.csproj", "{2C523794-EC5C-4437-ABC8-7EB43594D9EE}"
EndProject
Project("{9A19103F-16F7-4668-BE54-9A1E7A4F7556}") = "MaxV.Helper", "Submodule\MaxV.Helper\MaxV.Helper.csproj", "{877274E8-FBE7-4B8D-8ECF-F061B3C81F73}"
EndProject
Global
	GlobalSection(SolutionConfigurationPlatforms) = preSolution
		Debug|Any CPU = Debug|Any CPU
		Release|Any CPU = Release|Any CPU
	EndGlobalSection
	GlobalSection(ProjectConfigurationPlatforms) = postSolution
		{8DE30974-F37D-479B-917A-0FE6B1EBFEDA}.Debug|Any CPU.ActiveCfg = Debug|Any CPU
		{8DE30974-F37D-479B-917A-0FE6B1EBFEDA}.Debug|Any CPU.Build.0 = Debug|Any CPU
		{8DE30974-F37D-479B-917A-0FE6B1EBFEDA}.Release|Any CPU.ActiveCfg = Release|Any CPU
		{8DE30974-F37D-479B-917A-0FE6B1EBFEDA}.Release|Any CPU.Build.0 = Release|Any CPU
		{2C523794-EC5C-4437-ABC8-7EB43594D9EE}.Debug|Any CPU.ActiveCfg = Debug|Any CPU
		{2C523794-EC5C-4437-ABC8-7EB43594D9EE}.Debug|Any CPU.Build.0 = Debug|Any CPU
		{2C523794-EC5C-4437-ABC8-7EB43594D9EE}.Release|Any CPU.ActiveCfg = Release|Any CPU
		{2C523794-EC5C-4437-ABC8-7EB43594D9EE}.Release|Any CPU.Build.0 = Release|Any CPU
		{877274E8-FBE7-4B8D-8ECF-F061B3C81F73}.Debug|Any CPU.ActiveCfg = Debug|Any CPU
		{877274E8-FBE7-4B8D-8ECF-F061B3C81F73}.Debug|Any CPU.Build.0 = Debug|Any CPU
		{877274E8-FBE7-4B8D-8ECF-F061B3C81F73}.Release|Any CPU.ActiveCfg = Release|Any CPU
		{877274E8-FBE7-4B8D-8ECF-F061B3C81F73}.Release|Any CPU.Build.0 = Release|Any CPU
	EndGlobalSection
	GlobalSection(SolutionProperties) = preSolution
		HideSolutionNode = FALSE
	EndGlobalSection
	GlobalSection(ExtensibilityGlobals) = postSolution
		SolutionGuid = {BF63B6A3-8577-4604-A776-C8BFF953F591}
	EndGlobalSection
EndGlobal
